
Microsoft Visual Studio Solution File, Format Version 12.00
# Visual Studio Version 17
VisualStudioVersion = 17.4.33213.308
MinimumVisualStudioVersion = 10.0.40219.1
Project("{8BC9CEB8-8B4A-11D0-8D11-00A0C91BC942}") = "IntervalArithmetic", "IntervalArithmetic\IntervalArithmetic.vcxproj", "{082574C8-27B9-475B-9520-FC8FAEE689B5}"
EndProject
Global
	GlobalSection(SolutionConfigurationPlatforms) = preSolution
		Debug|x64 = Debug|x64
		Debug|x86 = Debug|x86
		Release|x64 = Release|x64
		Release|x86 = Release|x86
	EndGlobalSection
	GlobalSection(ProjectConfigurationPlatforms) = postSolution
		{082574C8-27B9-475B-9520-FC8FAEE689B5}.Debug|x64.ActiveCfg = Debug|x64
		{082574C8-27B9-475B-9520-FC8FAEE689B5}.Debug|x64.Build.0 = Debug|x64
		{082574C8-27B9-475B-9520-FC8FAEE689B5}.Debug|x86.ActiveCfg = Debug|Win32
		{082574C8-27B9-475B-9520-FC8FAEE689B5}.Debug|x86.Build.0 = Debug|Win32
		{082574C8-27B9-475B-9520-FC8FAEE689B5}.Release|x64.ActiveCfg = Release|x64
		{082574C8-27B9-475B-9520-FC8FAEE689B5}.Release|x64.Build.0 = Release|x64
		{082574C8-27B9-475B-9520-FC8FAEE689B5}.Release|x86.ActiveCfg = Release|Win32
		{082574C8-27B9-475B-9520-FC8FAEE689B5}.Release|x86.Build.0 = Release|Win32
	EndGlobalSection
	GlobalSection(SolutionProperties) = preSolution
		HideSolutionNode = FALSE
	EndGlobalSection
	GlobalSection(ExtensibilityGlobals) = postSolution
		SolutionGuid = {B63D6C6B-C763-4EAB-B4F4-5A609D84E15D}
	EndGlobalSection
EndGlobal
